
Microsoft Visual Studio Solution File, Format Version 12.00
# Visual Studio Version 17
VisualStudioVersion = 17.8.34330.188
MinimumVisualStudioVersion = 10.0.40219.1
Project("{8BC9CEB8-8B4A-11D0-8D11-00A0C91BC942}") = "demo_rpg", "demo_rpg\demo_rpg.vcxproj", "{6D672DAF-FACA-4004-82F4-43FE3330FF12}"
EndProject
Project("{8BC9CEB8-8B4A-11D0-8D11-00A0C91BC942}") = "demo_rpg_unit_tests", "demo_rpg_unit_tests\demo_rpg_unit_tests.vcxproj", "{0A5D8A7F-1D2A-4A9C-8B5F-5D1C70E9A989}"
EndProject
Global
	GlobalSection(SolutionConfigurationPlatforms) = preSolution
		Debug|x64 = Debug|x64
		Debug|x86 = Debug|x86
		Release|x64 = Release|x64
		Release|x86 = Release|x86
	EndGlobalSection
	GlobalSection(ProjectConfigurationPlatforms) = postSolution
		{6D672DAF-FACA-4004-82F4-43FE3330FF12}.Debug|x64.ActiveCfg = Debug|x64
		{6D672DAF-FACA-4004-82F4-43FE3330FF12}.Debug|x64.Build.0 = Debug|x64
		{6D672DAF-FACA-4004-82F4-43FE3330FF12}.Debug|x86.ActiveCfg = Debug|Win32
		{6D672DAF-FACA-4004-82F4-43FE3330FF12}.Debug|x86.Build.0 = Debug|Win32
		{6D672DAF-FACA-4004-82F4-43FE3330FF12}.Release|x64.ActiveCfg = Release|x64
		{6D672DAF-FACA-4004-82F4-43FE3330FF12}.Release|x64.Build.0 = Release|x64
		{6D672DAF-FACA-4004-82F4-43FE3330FF12}.Release|x86.ActiveCfg = Release|Win32
		{6D672DAF-FACA-4004-82F4-43FE3330FF12}.Release|x86.Build.0 = Release|Win32
		{0A5D8A7F-1D2A-4A9C-8B5F-5D1C70E9A989}.Debug|x64.ActiveCfg = Debug|x64
		{0A5D8A7F-1D2A-4A9C-8B5F-5D1C70E9A989}.Debug|x64.Build.0 = Debug|x64
		{0A5D8A7F-1D2A-4A9C-8B5F-5D1C70E9A989}.Debug|x86.ActiveCfg = Debug|Win32
		{0A5D8A7F-1D2A-4A9C-8B5F-5D1C70E9A989}.Debug|x86.Build.0 = Debug|Win32
		{0A5D8A7F-1D2A-4A9C-8B5F-5D1C70E9A989}.Release|x64.ActiveCfg = Release|x64
		{0A5D8A7F-1D2A-4A9C-8B5F-5D1C70E9A989}.Release|x64.Build.0 = Release|x64
		{0A5D8A7F-1D2A-4A9C-8B5F-5D1C70E9A989}.Release|x86.ActiveCfg = Release|Win32
		{0A5D8A7F-1D2A-4A9C-8B5F-5D1C70E9A989}.Release|x86.Build.0 = Release|Win32
	EndGlobalSection
	GlobalSection(SolutionProperties) = preSolution
		HideSolutionNode = FALSE
	EndGlobalSection
	GlobalSection(ExtensibilityGlobals) = postSolution
		SolutionGuid = {BE27AF62-6124-438D-B526-29E48AF755A6}
	EndGlobalSection
EndGlobal
